// !$*UTF8*$!
{
	archiveVersion = 1;
	classes = {
	};
	objectVersion = 46;
	objects = {

/* Begin PBXBuildFile section */
		B90B481A1FE82F93005C3F45 /* secondNYHSTests.swift in Sources */ = {isa = PBXBuildFile; fileRef = B90B48191FE82F93005C3F45 /* secondNYHSTests.swift */; };
		B917DBC91EF98F2A0068A0A6 /* ContactSchoolVC.swift in Sources */ = {isa = PBXBuildFile; fileRef = B917DBC81EF98F2A0068A0A6 /* ContactSchoolVC.swift */; };
		B917DBD01EFD7F140068A0A6 /* SplashScreenViewController.swift in Sources */ = {isa = PBXBuildFile; fileRef = B917DBCF1EFD7F140068A0A6 /* SplashScreenViewController.swift */; };
		B92D07121F886038009E5234 /* FilterVC.swift in Sources */ = {isa = PBXBuildFile; fileRef = B92D07111F886038009E5234 /* FilterVC.swift */; };
		B937B0D01F22B1F900A0592D /* RevisitVC.swift in Sources */ = {isa = PBXBuildFile; fileRef = B937B0CF1F22B1F900A0592D /* RevisitVC.swift */; };
		B952B4E31EE9C720008B80AA /* LatAndLng.swift in Sources */ = {isa = PBXBuildFile; fileRef = B952B4E21EE9C720008B80AA /* LatAndLng.swift */; };
		B974D6C11ECEBF72006FB89C /* DetailVC.swift in Sources */ = {isa = PBXBuildFile; fileRef = B974D6C01ECEBF72006FB89C /* DetailVC.swift */; };
		B974D6C31ECEBFAE006FB89C /* BoroTableViewCell.swift in Sources */ = {isa = PBXBuildFile; fileRef = B974D6C21ECEBFAE006FB89C /* BoroTableViewCell.swift */; };
		B974D6C91ED028D1006FB89C /* MapKit.framework in Frameworks */ = {isa = PBXBuildFile; fileRef = B974D6C81ED028D1006FB89C /* MapKit.framework */; };
		B97FB5F21F64C018005D5C19 /* DataStore.swift in Sources */ = {isa = PBXBuildFile; fileRef = B97FB5F11F64C018005D5C19 /* DataStore.swift */; };
		B9863E801EB97C9C00A00ABD /* AppDelegate.swift in Sources */ = {isa = PBXBuildFile; fileRef = B9863E7F1EB97C9C00A00ABD /* AppDelegate.swift */; };
		B9863E8A1EB97C9C00A00ABD /* LaunchScreen.storyboard in Resources */ = {isa = PBXBuildFile; fileRef = B9863E881EB97C9C00A00ABD /* LaunchScreen.storyboard */; };
		B9863E931EB9816500A00ABD /* APIRequestManager.swift in Sources */ = {isa = PBXBuildFile; fileRef = B9863E921EB9816500A00ABD /* APIRequestManager.swift */; };
		B9863E951EB98A4100A00ABD /* NYHS.swift in Sources */ = {isa = PBXBuildFile; fileRef = B9863E941EB98A4100A00ABD /* NYHS.swift */; };
		B9863E981EBC3B7000A00ABD /* ColorScheme.swift in Sources */ = {isa = PBXBuildFile; fileRef = B9863E971EBC3B7000A00ABD /* ColorScheme.swift */; };
		B9997D1E1EE227BD00CCFEC2 /* BoroVC.swift in Sources */ = {isa = PBXBuildFile; fileRef = B9997D1D1EE227BD00CCFEC2 /* BoroVC.swift */; };
		B9997D211EE2290400CCFEC2 /* BoroCatagory.swift in Sources */ = {isa = PBXBuildFile; fileRef = B9997D201EE2290400CCFEC2 /* BoroCatagory.swift */; };
		B9A80D841F0BF68800955F6D /* CoreLocation.framework in Frameworks */ = {isa = PBXBuildFile; fileRef = B9A80D831F0BF68800955F6D /* CoreLocation.framework */; };
		B9BBF6251F9D547200E368C7 /* FilterResultVC.swift in Sources */ = {isa = PBXBuildFile; fileRef = B9BBF6241F9D547200E368C7 /* FilterResultVC.swift */; };
		B9EE0A2A1F11BC6E0029D7B4 /* extension-DetailVC.swift in Sources */ = {isa = PBXBuildFile; fileRef = B9EE0A291F11BC6E0029D7B4 /* extension-DetailVC.swift */; };
		B9EE59421EF2DCFD00CD1F7C /* FavouriteTableVC.swift in Sources */ = {isa = PBXBuildFile; fileRef = B9EE59411EF2DCFD00CD1F7C /* FavouriteTableVC.swift */; };
		B9EE594E1EF78B1500CD1F7C /* Assets.xcassets in Resources */ = {isa = PBXBuildFile; fileRef = B9EE594D1EF78B1500CD1F7C /* Assets.xcassets */; };
		B9EE59501EF7AC8100CD1F7C /* MainTabVC.swift in Sources */ = {isa = PBXBuildFile; fileRef = B9EE594F1EF7AC8100CD1F7C /* MainTabVC.swift */; };
		B9FF75741FD0DE8000B4CFF4 /* HomeCollectionVC.swift in Sources */ = {isa = PBXBuildFile; fileRef = B9FF75731FD0DE8000B4CFF4 /* HomeCollectionVC.swift */; };
		B9FF75761FD0DFC000B4CFF4 /* MainCollectionViewCell.swift in Sources */ = {isa = PBXBuildFile; fileRef = B9FF75751FD0DFC000B4CFF4 /* MainCollectionViewCell.swift */; };
		C0D36FBADD14EBB6B8FA5A6A /* Pods_NYHS.framework in Frameworks */ = {isa = PBXBuildFile; fileRef = E7A36BD66A6AC48290648576 /* Pods_NYHS.framework */; };
/* End PBXBuildFile section */

/* Begin PBXContainerItemProxy section */
		B90B48091FE81FEA005C3F45 /* PBXContainerItemProxy */ = {
			isa = PBXContainerItemProxy;
			containerPortal = B9863E741EB97C9C00A00ABD /* Project object */;
			proxyType = 1;
			remoteGlobalIDString = B9863E7B1EB97C9C00A00ABD;
			remoteInfo = NYHS;
		};
		B90B481C1FE82F93005C3F45 /* PBXContainerItemProxy */ = {
			isa = PBXContainerItemProxy;
			containerPortal = B9863E741EB97C9C00A00ABD /* Project object */;
			proxyType = 1;
			remoteGlobalIDString = B9863E7B1EB97C9C00A00ABD;
			remoteInfo = NYHS;
		};
		B90B482A1FE8526D005C3F45 /* PBXContainerItemProxy */ = {
			isa = PBXContainerItemProxy;
			containerPortal = B9863E741EB97C9C00A00ABD /* Project object */;
			proxyType = 1;
			remoteGlobalIDString = B9863E7B1EB97C9C00A00ABD;
			remoteInfo = NYHS;
		};
/* End PBXContainerItemProxy section */

/* Begin PBXFileReference section */
		941D5E46DF9B06DA95ED8200 /* Pods-NYHS.debug.xcconfig */ = {isa = PBXFileReference; includeInIndex = 1; lastKnownFileType = text.xcconfig; name = "Pods-NYHS.debug.xcconfig"; path = "Pods/Target Support Files/Pods-NYHS/Pods-NYHS.debug.xcconfig"; sourceTree = "<group>"; };
		B90B48041FE81FE9005C3F45 /* NYHSTests.xctest */ = {isa = PBXFileReference; explicitFileType = wrapper.cfbundle; includeInIndex = 0; path = NYHSTests.xctest; sourceTree = BUILT_PRODUCTS_DIR; };
		B90B48171FE82F93005C3F45 /* secondNYHSTests.xctest */ = {isa = PBXFileReference; explicitFileType = wrapper.cfbundle; includeInIndex = 0; path = secondNYHSTests.xctest; sourceTree = BUILT_PRODUCTS_DIR; };
		B90B48191FE82F93005C3F45 /* secondNYHSTests.swift */ = {isa = PBXFileReference; lastKnownFileType = sourcecode.swift; path = secondNYHSTests.swift; sourceTree = "<group>"; };
		B90B481B1FE82F93005C3F45 /* Info.plist */ = {isa = PBXFileReference; lastKnownFileType = text.plist.xml; path = Info.plist; sourceTree = "<group>"; };
		B90B48251FE8526D005C3F45 /* NYHSIntegrationTests.xctest */ = {isa = PBXFileReference; explicitFileType = wrapper.cfbundle; includeInIndex = 0; path = NYHSIntegrationTests.xctest; sourceTree = BUILT_PRODUCTS_DIR; };
		B917DBC81EF98F2A0068A0A6 /* ContactSchoolVC.swift */ = {isa = PBXFileReference; fileEncoding = 4; lastKnownFileType = sourcecode.swift; path = ContactSchoolVC.swift; sourceTree = "<group>"; };
		B917DBCF1EFD7F140068A0A6 /* SplashScreenViewController.swift */ = {isa = PBXFileReference; fileEncoding = 4; lastKnownFileType = sourcecode.swift; path = SplashScreenViewController.swift; sourceTree = "<group>"; };
		B92D07111F886038009E5234 /* FilterVC.swift */ = {isa = PBXFileReference; lastKnownFileType = sourcecode.swift; path = FilterVC.swift; sourceTree = "<group>"; };
		B937B0CF1F22B1F900A0592D /* RevisitVC.swift */ = {isa = PBXFileReference; fileEncoding = 4; lastKnownFileType = sourcecode.swift; path = RevisitVC.swift; sourceTree = "<group>"; };
		B952B4E21EE9C720008B80AA /* LatAndLng.swift */ = {isa = PBXFileReference; fileEncoding = 4; lastKnownFileType = sourcecode.swift; path = LatAndLng.swift; sourceTree = "<group>"; };
		B974D6C01ECEBF72006FB89C /* DetailVC.swift */ = {isa = PBXFileReference; fileEncoding = 4; lastKnownFileType = sourcecode.swift; path = DetailVC.swift; sourceTree = "<group>"; };
		B974D6C21ECEBFAE006FB89C /* BoroTableViewCell.swift */ = {isa = PBXFileReference; fileEncoding = 4; lastKnownFileType = sourcecode.swift; path = BoroTableViewCell.swift; sourceTree = "<group>"; };
		B974D6C81ED028D1006FB89C /* MapKit.framework */ = {isa = PBXFileReference; lastKnownFileType = wrapper.framework; name = MapKit.framework; path = System/Library/Frameworks/MapKit.framework; sourceTree = SDKROOT; };
		B97FB5F11F64C018005D5C19 /* DataStore.swift */ = {isa = PBXFileReference; fileEncoding = 4; lastKnownFileType = sourcecode.swift; path = DataStore.swift; sourceTree = "<group>"; };
		B9863E7C1EB97C9C00A00ABD /* NYHS.app */ = {isa = PBXFileReference; explicitFileType = wrapper.application; includeInIndex = 0; path = NYHS.app; sourceTree = BUILT_PRODUCTS_DIR; };
		B9863E7F1EB97C9C00A00ABD /* AppDelegate.swift */ = {isa = PBXFileReference; lastKnownFileType = sourcecode.swift; path = AppDelegate.swift; sourceTree = "<group>"; };
		B9863E891EB97C9C00A00ABD /* Base */ = {isa = PBXFileReference; lastKnownFileType = file.storyboard; name = Base; path = Base.lproj/LaunchScreen.storyboard; sourceTree = "<group>"; };
		B9863E8B1EB97C9C00A00ABD /* Info.plist */ = {isa = PBXFileReference; lastKnownFileType = text.plist.xml; path = Info.plist; sourceTree = "<group>"; };
		B9863E921EB9816500A00ABD /* APIRequestManager.swift */ = {isa = PBXFileReference; fileEncoding = 4; lastKnownFileType = sourcecode.swift; path = APIRequestManager.swift; sourceTree = "<group>"; };
		B9863E941EB98A4100A00ABD /* NYHS.swift */ = {isa = PBXFileReference; fileEncoding = 4; lastKnownFileType = sourcecode.swift; path = NYHS.swift; sourceTree = "<group>"; };
		B9863E971EBC3B7000A00ABD /* ColorScheme.swift */ = {isa = PBXFileReference; fileEncoding = 4; lastKnownFileType = sourcecode.swift; path = ColorScheme.swift; sourceTree = "<group>"; };
		B9997D1D1EE227BD00CCFEC2 /* BoroVC.swift */ = {isa = PBXFileReference; fileEncoding = 4; lastKnownFileType = sourcecode.swift; path = BoroVC.swift; sourceTree = "<group>"; };
		B9997D201EE2290400CCFEC2 /* BoroCatagory.swift */ = {isa = PBXFileReference; fileEncoding = 4; lastKnownFileType = sourcecode.swift; path = BoroCatagory.swift; sourceTree = "<group>"; };
		B9A80D831F0BF68800955F6D /* CoreLocation.framework */ = {isa = PBXFileReference; lastKnownFileType = wrapper.framework; name = CoreLocation.framework; path = System/Library/Frameworks/CoreLocation.framework; sourceTree = SDKROOT; };
		B9BBF6241F9D547200E368C7 /* FilterResultVC.swift */ = {isa = PBXFileReference; lastKnownFileType = sourcecode.swift; path = FilterResultVC.swift; sourceTree = "<group>"; };
		B9EE0A291F11BC6E0029D7B4 /* extension-DetailVC.swift */ = {isa = PBXFileReference; fileEncoding = 4; lastKnownFileType = sourcecode.swift; path = "extension-DetailVC.swift"; sourceTree = "<group>"; };
		B9EE59411EF2DCFD00CD1F7C /* FavouriteTableVC.swift */ = {isa = PBXFileReference; fileEncoding = 4; lastKnownFileType = sourcecode.swift; path = FavouriteTableVC.swift; sourceTree = "<group>"; };
		B9EE594D1EF78B1500CD1F7C /* Assets.xcassets */ = {isa = PBXFileReference; lastKnownFileType = folder.assetcatalog; path = Assets.xcassets; sourceTree = "<group>"; };
		B9EE594F1EF7AC8100CD1F7C /* MainTabVC.swift */ = {isa = PBXFileReference; fileEncoding = 4; lastKnownFileType = sourcecode.swift; path = MainTabVC.swift; sourceTree = "<group>"; };
		B9FF75731FD0DE8000B4CFF4 /* HomeCollectionVC.swift */ = {isa = PBXFileReference; lastKnownFileType = sourcecode.swift; path = HomeCollectionVC.swift; sourceTree = "<group>"; };
		B9FF75751FD0DFC000B4CFF4 /* MainCollectionViewCell.swift */ = {isa = PBXFileReference; lastKnownFileType = sourcecode.swift; path = MainCollectionViewCell.swift; sourceTree = "<group>"; };
		E7A36BD66A6AC48290648576 /* Pods_NYHS.framework */ = {isa = PBXFileReference; explicitFileType = wrapper.framework; includeInIndex = 0; path = Pods_NYHS.framework; sourceTree = BUILT_PRODUCTS_DIR; };
		FF4E15C7B492ACD9350A77E0 /* Pods-NYHS.release.xcconfig */ = {isa = PBXFileReference; includeInIndex = 1; lastKnownFileType = text.xcconfig; name = "Pods-NYHS.release.xcconfig"; path = "Pods/Target Support Files/Pods-NYHS/Pods-NYHS.release.xcconfig"; sourceTree = "<group>"; };
/* End PBXFileReference section */

/* Begin PBXFrameworksBuildPhase section */
		B90B48011FE81FE9005C3F45 /* Frameworks */ = {
			isa = PBXFrameworksBuildPhase;
			buildActionMask = 2147483647;
			files = (
			);
			runOnlyForDeploymentPostprocessing = 0;
		};
		B90B48141FE82F93005C3F45 /* Frameworks */ = {
			isa = PBXFrameworksBuildPhase;
			buildActionMask = 2147483647;
			files = (
			);
			runOnlyForDeploymentPostprocessing = 0;
		};
		B90B48221FE8526D005C3F45 /* Frameworks */ = {
			isa = PBXFrameworksBuildPhase;
			buildActionMask = 2147483647;
			files = (
			);
			runOnlyForDeploymentPostprocessing = 0;
		};
		B9863E791EB97C9C00A00ABD /* Frameworks */ = {
			isa = PBXFrameworksBuildPhase;
			buildActionMask = 2147483647;
			files = (
				B9A80D841F0BF68800955F6D /* CoreLocation.framework in Frameworks */,
				B974D6C91ED028D1006FB89C /* MapKit.framework in Frameworks */,
				C0D36FBADD14EBB6B8FA5A6A /* Pods_NYHS.framework in Frameworks */,
			);
			runOnlyForDeploymentPostprocessing = 0;
		};
/* End PBXFrameworksBuildPhase section */

/* Begin PBXGroup section */
		2CA80C2964B02A37D42D0F7B /* Pods */ = {
			isa = PBXGroup;
			children = (
				941D5E46DF9B06DA95ED8200 /* Pods-NYHS.debug.xcconfig */,
				FF4E15C7B492ACD9350A77E0 /* Pods-NYHS.release.xcconfig */,
			);
			name = Pods;
			sourceTree = "<group>";
		};
		B90B48181FE82F93005C3F45 /* secondNYHSTests */ = {
			isa = PBXGroup;
			children = (
				B90B48191FE82F93005C3F45 /* secondNYHSTests.swift */,
				B90B481B1FE82F93005C3F45 /* Info.plist */,
			);
			path = secondNYHSTests;
			sourceTree = "<group>";
		};
		B974D6C41ECEC06C006FB89C /* Controller */ = {
			isa = PBXGroup;
			children = (
				B917DBCF1EFD7F140068A0A6 /* SplashScreenViewController.swift */,
				B9EE594F1EF7AC8100CD1F7C /* MainTabVC.swift */,
				B9FF75731FD0DE8000B4CFF4 /* HomeCollectionVC.swift */,
				B9EE59411EF2DCFD00CD1F7C /* FavouriteTableVC.swift */,
				B92D07111F886038009E5234 /* FilterVC.swift */,
				B9BBF6241F9D547200E368C7 /* FilterResultVC.swift */,
				B9997D1D1EE227BD00CCFEC2 /* BoroVC.swift */,
				B974D6C01ECEBF72006FB89C /* DetailVC.swift */,
				B9EE0A291F11BC6E0029D7B4 /* extension-DetailVC.swift */,
				B917DBC81EF98F2A0068A0A6 /* ContactSchoolVC.swift */,
				B937B0CF1F22B1F900A0592D /* RevisitVC.swift */,
			);
			name = Controller;
			sourceTree = "<group>";
		};
		B974D6C71ED028D1006FB89C /* Frameworks */ = {
			isa = PBXGroup;
			children = (
				B9A80D831F0BF68800955F6D /* CoreLocation.framework */,
				B974D6C81ED028D1006FB89C /* MapKit.framework */,
				E7A36BD66A6AC48290648576 /* Pods_NYHS.framework */,
			);
			name = Frameworks;
			sourceTree = "<group>";
		};
		B9863E731EB97C9C00A00ABD = {
			isa = PBXGroup;
			children = (
				B9863E7E1EB97C9C00A00ABD /* NYHS */,
				B90B48181FE82F93005C3F45 /* secondNYHSTests */,
				B9863E7D1EB97C9C00A00ABD /* Products */,
				B974D6C71ED028D1006FB89C /* Frameworks */,
				2CA80C2964B02A37D42D0F7B /* Pods */,
			);
			sourceTree = "<group>";
		};
		B9863E7D1EB97C9C00A00ABD /* Products */ = {
			isa = PBXGroup;
			children = (
				B9863E7C1EB97C9C00A00ABD /* NYHS.app */,
				B90B48041FE81FE9005C3F45 /* NYHSTests.xctest */,
				B90B48171FE82F93005C3F45 /* secondNYHSTests.xctest */,
				B90B48251FE8526D005C3F45 /* NYHSIntegrationTests.xctest */,
			);
			name = Products;
			sourceTree = "<group>";
		};
		B9863E7E1EB97C9C00A00ABD /* NYHS */ = {
			isa = PBXGroup;
			children = (
				B9863E7F1EB97C9C00A00ABD /* AppDelegate.swift */,
				B9863E991EBC3B8700A00ABD /* Utility */,
				B9863E961EB9953100A00ABD /* Model */,
				B9997D1F1EE227CF00CCFEC2 /* View */,
				B974D6C41ECEC06C006FB89C /* Controller */,
				B9863E911EB97D2600A00ABD /* Supporing File */,
			);
			path = NYHS;
			sourceTree = "<group>";
		};
		B9863E911EB97D2600A00ABD /* Supporing File */ = {
			isa = PBXGroup;
			children = (
				B9EE594D1EF78B1500CD1F7C /* Assets.xcassets */,
				B9863E881EB97C9C00A00ABD /* LaunchScreen.storyboard */,
				B9863E8B1EB97C9C00A00ABD /* Info.plist */,
			);
			name = "Supporing File";
			sourceTree = "<group>";
		};
		B9863E961EB9953100A00ABD /* Model */ = {
			isa = PBXGroup;
			children = (
				B9863E921EB9816500A00ABD /* APIRequestManager.swift */,
				B97FB5F11F64C018005D5C19 /* DataStore.swift */,
				B9863E941EB98A4100A00ABD /* NYHS.swift */,
				B952B4E21EE9C720008B80AA /* LatAndLng.swift */,
			);
			name = Model;
			sourceTree = "<group>";
		};
		B9863E991EBC3B8700A00ABD /* Utility */ = {
			isa = PBXGroup;
			children = (
				B9863E971EBC3B7000A00ABD /* ColorScheme.swift */,
				B9997D201EE2290400CCFEC2 /* BoroCatagory.swift */,
			);
			name = Utility;
			sourceTree = "<group>";
		};
		B9997D1F1EE227CF00CCFEC2 /* View */ = {
			isa = PBXGroup;
			children = (
				B9FF75751FD0DFC000B4CFF4 /* MainCollectionViewCell.swift */,
				B974D6C21ECEBFAE006FB89C /* BoroTableViewCell.swift */,
			);
			name = View;
			sourceTree = "<group>";
		};
/* End PBXGroup section */

/* Begin PBXNativeTarget section */
		B90B48031FE81FE9005C3F45 /* NYHSTests */ = {
			isa = PBXNativeTarget;
			buildConfigurationList = B90B480D1FE81FEA005C3F45 /* Build configuration list for PBXNativeTarget "NYHSTests" */;
			buildPhases = (
				B90B48001FE81FE9005C3F45 /* Sources */,
				B90B48011FE81FE9005C3F45 /* Frameworks */,
				B90B48021FE81FE9005C3F45 /* Resources */,
			);
			buildRules = (
			);
			dependencies = (
				B90B480A1FE81FEA005C3F45 /* PBXTargetDependency */,
			);
			name = NYHSTests;
			productName = NYHSTests;
			productReference = B90B48041FE81FE9005C3F45 /* NYHSTests.xctest */;
			productType = "com.apple.product-type.bundle.unit-test";
		};
		B90B48161FE82F93005C3F45 /* secondNYHSTests */ = {
			isa = PBXNativeTarget;
			buildConfigurationList = B90B481E1FE82F93005C3F45 /* Build configuration list for PBXNativeTarget "secondNYHSTests" */;
			buildPhases = (
				B90B48131FE82F93005C3F45 /* Sources */,
				B90B48141FE82F93005C3F45 /* Frameworks */,
				B90B48151FE82F93005C3F45 /* Resources */,
			);
			buildRules = (
			);
			dependencies = (
				B90B481D1FE82F93005C3F45 /* PBXTargetDependency */,
			);
			name = secondNYHSTests;
			productName = secondNYHSTests;
			productReference = B90B48171FE82F93005C3F45 /* secondNYHSTests.xctest */;
			productType = "com.apple.product-type.bundle.unit-test";
		};
		B90B48241FE8526D005C3F45 /* NYHSIntegrationTests */ = {
			isa = PBXNativeTarget;
			buildConfigurationList = B90B482C1FE8526D005C3F45 /* Build configuration list for PBXNativeTarget "NYHSIntegrationTests" */;
			buildPhases = (
				B90B48211FE8526D005C3F45 /* Sources */,
				B90B48221FE8526D005C3F45 /* Frameworks */,
				B90B48231FE8526D005C3F45 /* Resources */,
			);
			buildRules = (
			);
			dependencies = (
				B90B482B1FE8526D005C3F45 /* PBXTargetDependency */,
			);
			name = NYHSIntegrationTests;
			productName = NYHSIntegrationTests;
			productReference = B90B48251FE8526D005C3F45 /* NYHSIntegrationTests.xctest */;
			productType = "com.apple.product-type.bundle.unit-test";
		};
		B9863E7B1EB97C9C00A00ABD /* NYHS */ = {
			isa = PBXNativeTarget;
			buildConfigurationList = B9863E8E1EB97C9C00A00ABD /* Build configuration list for PBXNativeTarget "NYHS" */;
			buildPhases = (
				29A72894F87DFBAE65652AE7 /* [CP] Check Pods Manifest.lock */,
				B9863E781EB97C9C00A00ABD /* Sources */,
				B9863E791EB97C9C00A00ABD /* Frameworks */,
				B9863E7A1EB97C9C00A00ABD /* Resources */,
				DEA4EDA906473C7C836E9606 /* [CP] Embed Pods Frameworks */,
				654460CF555DB54983698B68 /* [CP] Copy Pods Resources */,
			);
			buildRules = (
			);
			dependencies = (
			);
			name = NYHS;
			productName = NYHS;
			productReference = B9863E7C1EB97C9C00A00ABD /* NYHS.app */;
			productType = "com.apple.product-type.application";
		};
/* End PBXNativeTarget section */

/* Begin PBXProject section */
		B9863E741EB97C9C00A00ABD /* Project object */ = {
			isa = PBXProject;
			attributes = {
				LastSwiftUpdateCheck = 0920;
				LastUpgradeCheck = 0900;
				ORGANIZATIONNAME = C4Q;
				TargetAttributes = {
					B90B48031FE81FE9005C3F45 = {
						CreatedOnToolsVersion = 9.2;
						LastSwiftMigration = 0920;
						ProvisioningStyle = Automatic;
						TestTargetID = B9863E7B1EB97C9C00A00ABD;
					};
					B90B48161FE82F93005C3F45 = {
						CreatedOnToolsVersion = 9.2;
						ProvisioningStyle = Automatic;
						TestTargetID = B9863E7B1EB97C9C00A00ABD;
					};
					B90B48241FE8526D005C3F45 = {
						CreatedOnToolsVersion = 9.2;
						LastSwiftMigration = 0920;
						ProvisioningStyle = Automatic;
						TestTargetID = B9863E7B1EB97C9C00A00ABD;
					};
					B9863E7B1EB97C9C00A00ABD = {
						CreatedOnToolsVersion = 8.3;
						DevelopmentTeam = GFV556FHMF;
						LastSwiftMigration = 0900;
						ProvisioningStyle = Automatic;
						SystemCapabilities = {
							com.apple.Maps.iOS = {
								enabled = 1;
							};
						};
					};
				};
			};
			buildConfigurationList = B9863E771EB97C9C00A00ABD /* Build configuration list for PBXProject "NYHS" */;
			compatibilityVersion = "Xcode 3.2";
			developmentRegion = English;
			hasScannedForEncodings = 0;
			knownRegions = (
				en,
				Base,
			);
			mainGroup = B9863E731EB97C9C00A00ABD;
			productRefGroup = B9863E7D1EB97C9C00A00ABD /* Products */;
			projectDirPath = "";
			projectRoot = "";
			targets = (
				B9863E7B1EB97C9C00A00ABD /* NYHS */,
				B90B48031FE81FE9005C3F45 /* NYHSTests */,
				B90B48161FE82F93005C3F45 /* secondNYHSTests */,
				B90B48241FE8526D005C3F45 /* NYHSIntegrationTests */,
			);
		};
/* End PBXProject section */

/* Begin PBXResourcesBuildPhase section */
		B90B48021FE81FE9005C3F45 /* Resources */ = {
			isa = PBXResourcesBuildPhase;
			buildActionMask = 2147483647;
			files = (
			);
			runOnlyForDeploymentPostprocessing = 0;
		};
		B90B48151FE82F93005C3F45 /* Resources */ = {
			isa = PBXResourcesBuildPhase;
			buildActionMask = 2147483647;
			files = (
			);
			runOnlyForDeploymentPostprocessing = 0;
		};
		B90B48231FE8526D005C3F45 /* Resources */ = {
			isa = PBXResourcesBuildPhase;
			buildActionMask = 2147483647;
			files = (
			);
			runOnlyForDeploymentPostprocessing = 0;
		};
		B9863E7A1EB97C9C00A00ABD /* Resources */ = {
			isa = PBXResourcesBuildPhase;
			buildActionMask = 2147483647;
			files = (
				B9EE594E1EF78B1500CD1F7C /* Assets.xcassets in Resources */,
				B9863E8A1EB97C9C00A00ABD /* LaunchScreen.storyboard in Resources */,
			);
			runOnlyForDeploymentPostprocessing = 0;
		};
/* End PBXResourcesBuildPhase section */

/* Begin PBXShellScriptBuildPhase section */
		29A72894F87DFBAE65652AE7 /* [CP] Check Pods Manifest.lock */ = {
			isa = PBXShellScriptBuildPhase;
			buildActionMask = 2147483647;
			files = (
			);
			inputPaths = (
				"${PODS_PODFILE_DIR_PATH}/Podfile.lock",
				"${PODS_ROOT}/Manifest.lock",
			);
			name = "[CP] Check Pods Manifest.lock";
			outputPaths = (
				"$(DERIVED_FILE_DIR)/Pods-NYHS-checkManifestLockResult.txt",
			);
			runOnlyForDeploymentPostprocessing = 0;
			shellPath = /bin/sh;
			shellScript = "diff \"${PODS_PODFILE_DIR_PATH}/Podfile.lock\" \"${PODS_ROOT}/Manifest.lock\" > /dev/null\nif [ $? != 0 ] ; then\n    # print error to STDERR\n    echo \"error: The sandbox is not in sync with the Podfile.lock. Run 'pod install' or update your CocoaPods installation.\" >&2\n    exit 1\nfi\n# This output is used by Xcode 'outputs' to avoid re-running this script phase.\necho \"SUCCESS\" > \"${SCRIPT_OUTPUT_FILE_0}\"\n";
			showEnvVarsInLog = 0;
		};
		654460CF555DB54983698B68 /* [CP] Copy Pods Resources */ = {
			isa = PBXShellScriptBuildPhase;
			buildActionMask = 2147483647;
			files = (
			);
			inputPaths = (
				"${SRCROOT}/Pods/Target Support Files/Pods-NYHS/Pods-NYHS-resources.sh",
				"${PODS_ROOT}/GoogleMaps/Maps/Frameworks/GoogleMaps.framework/Versions/A/Resources/GoogleMaps.bundle",
				"${PODS_ROOT}/GooglePlacePicker/Frameworks/GooglePlacePicker.framework/Versions/A/Resources/GooglePlacePicker.bundle",
				"${PODS_ROOT}/GooglePlaces/Frameworks/GooglePlaces.framework/Versions/A/Resources/GooglePlaces.bundle",
			);
			name = "[CP] Copy Pods Resources";
			outputPaths = (
				"${TARGET_BUILD_DIR}/${UNLOCALIZED_RESOURCES_FOLDER_PATH}",
			);
			runOnlyForDeploymentPostprocessing = 0;
			shellPath = /bin/sh;
			shellScript = "\"${SRCROOT}/Pods/Target Support Files/Pods-NYHS/Pods-NYHS-resources.sh\"\n";
			showEnvVarsInLog = 0;
		};
		DEA4EDA906473C7C836E9606 /* [CP] Embed Pods Frameworks */ = {
			isa = PBXShellScriptBuildPhase;
			buildActionMask = 2147483647;
			files = (
			);
			inputPaths = (
				"${SRCROOT}/Pods/Target Support Files/Pods-NYHS/Pods-NYHS-frameworks.sh",
				"${BUILT_PRODUCTS_DIR}/SnapKit/SnapKit.framework",
			);
			name = "[CP] Embed Pods Frameworks";
			outputPaths = (
				"${TARGET_BUILD_DIR}/${FRAMEWORKS_FOLDER_PATH}/SnapKit.framework",
			);
			runOnlyForDeploymentPostprocessing = 0;
			shellPath = /bin/sh;
			shellScript = "\"${SRCROOT}/Pods/Target Support Files/Pods-NYHS/Pods-NYHS-frameworks.sh\"\n";
			showEnvVarsInLog = 0;
		};
/* End PBXShellScriptBuildPhase section */

/* Begin PBXSourcesBuildPhase section */
		B90B48001FE81FE9005C3F45 /* Sources */ = {
			isa = PBXSourcesBuildPhase;
			buildActionMask = 2147483647;
			files = (
			);
			runOnlyForDeploymentPostprocessing = 0;
		};
		B90B48131FE82F93005C3F45 /* Sources */ = {
			isa = PBXSourcesBuildPhase;
			buildActionMask = 2147483647;
			files = (
				B90B481A1FE82F93005C3F45 /* secondNYHSTests.swift in Sources */,
			);
			runOnlyForDeploymentPostprocessing = 0;
		};
		B90B48211FE8526D005C3F45 /* Sources */ = {
			isa = PBXSourcesBuildPhase;
			buildActionMask = 2147483647;
			files = (
			);
			runOnlyForDeploymentPostprocessing = 0;
		};
		B9863E781EB97C9C00A00ABD /* Sources */ = {
			isa = PBXSourcesBuildPhase;
			buildActionMask = 2147483647;
			files = (
				B92D07121F886038009E5234 /* FilterVC.swift in Sources */,
				B9863E931EB9816500A00ABD /* APIRequestManager.swift in Sources */,
				B917DBD01EFD7F140068A0A6 /* SplashScreenViewController.swift in Sources */,
				B9BBF6251F9D547200E368C7 /* FilterResultVC.swift in Sources */,
				B974D6C31ECEBFAE006FB89C /* BoroTableViewCell.swift in Sources */,
				B9EE59421EF2DCFD00CD1F7C /* FavouriteTableVC.swift in Sources */,
				B9FF75761FD0DFC000B4CFF4 /* MainCollectionViewCell.swift in Sources */,
				B917DBC91EF98F2A0068A0A6 /* ContactSchoolVC.swift in Sources */,
				B952B4E31EE9C720008B80AA /* LatAndLng.swift in Sources */,
				B9863E801EB97C9C00A00ABD /* AppDelegate.swift in Sources */,
				B974D6C11ECEBF72006FB89C /* DetailVC.swift in Sources */,
				B9EE59501EF7AC8100CD1F7C /* MainTabVC.swift in Sources */,
				B9FF75741FD0DE8000B4CFF4 /* HomeCollectionVC.swift in Sources */,
				B97FB5F21F64C018005D5C19 /* DataStore.swift in Sources */,
				B9863E951EB98A4100A00ABD /* NYHS.swift in Sources */,
				B9997D1E1EE227BD00CCFEC2 /* BoroVC.swift in Sources */,
				B9863E981EBC3B7000A00ABD /* ColorScheme.swift in Sources */,
				B9997D211EE2290400CCFEC2 /* BoroCatagory.swift in Sources */,
				B9EE0A2A1F11BC6E0029D7B4 /* extension-DetailVC.swift in Sources */,
				B937B0D01F22B1F900A0592D /* RevisitVC.swift in Sources */,
			);
			runOnlyForDeploymentPostprocessing = 0;
		};
/* End PBXSourcesBuildPhase section */

/* Begin PBXTargetDependency section */
		B90B480A1FE81FEA005C3F45 /* PBXTargetDependency */ = {
			isa = PBXTargetDependency;
			target = B9863E7B1EB97C9C00A00ABD /* NYHS */;
			targetProxy = B90B48091FE81FEA005C3F45 /* PBXContainerItemProxy */;
		};
		B90B481D1FE82F93005C3F45 /* PBXTargetDependency */ = {
			isa = PBXTargetDependency;
			target = B9863E7B1EB97C9C00A00ABD /* NYHS */;
			targetProxy = B90B481C1FE82F93005C3F45 /* PBXContainerItemProxy */;
		};
		B90B482B1FE8526D005C3F45 /* PBXTargetDependency */ = {
			isa = PBXTargetDependency;
			target = B9863E7B1EB97C9C00A00ABD /* NYHS */;
			targetProxy = B90B482A1FE8526D005C3F45 /* PBXContainerItemProxy */;
		};
/* End PBXTargetDependency section */

/* Begin PBXVariantGroup section */
		B9863E881EB97C9C00A00ABD /* LaunchScreen.storyboard */ = {
			isa = PBXVariantGroup;
			children = (
				B9863E891EB97C9C00A00ABD /* Base */,
			);
			name = LaunchScreen.storyboard;
			sourceTree = "<group>";
		};
/* End PBXVariantGroup section */

/* Begin XCBuildConfiguration section */
		B90B480B1FE81FEA005C3F45 /* Debug */ = {
			isa = XCBuildConfiguration;
			buildSettings = {
				BUNDLE_LOADER = "$(TEST_HOST)";
				CLANG_CXX_LANGUAGE_STANDARD = "gnu++14";
				CLANG_ENABLE_MODULES = YES;
				CLANG_WARN_UNGUARDED_AVAILABILITY = YES_AGGRESSIVE;
				CODE_SIGN_IDENTITY = "iPhone Developer";
				CODE_SIGN_STYLE = Automatic;
				GCC_C_LANGUAGE_STANDARD = gnu11;
				INFOPLIST_FILE = NYHSTests/Info.plist;
				IPHONEOS_DEPLOYMENT_TARGET = 11.2;
				LD_RUNPATH_SEARCH_PATHS = "$(inherited) @executable_path/Frameworks @loader_path/Frameworks";
				PRODUCT_BUNDLE_IDENTIFIER = dorjee.thinley.com.NYHSTests;
				PRODUCT_NAME = "$(TARGET_NAME)";
				SWIFT_OPTIMIZATION_LEVEL = "-Onone";
				SWIFT_VERSION = 4.0;
				TARGETED_DEVICE_FAMILY = "1,2";
				TEST_HOST = "$(BUILT_PRODUCTS_DIR)/NYHS.app/NYHS";
			};
			name = Debug;
		};
		B90B480C1FE81FEA005C3F45 /* Release */ = {
			isa = XCBuildConfiguration;
			buildSettings = {
				BUNDLE_LOADER = "$(TEST_HOST)";
				CLANG_CXX_LANGUAGE_STANDARD = "gnu++14";
				CLANG_ENABLE_MODULES = YES;
				CLANG_WARN_UNGUARDED_AVAILABILITY = YES_AGGRESSIVE;
				CODE_SIGN_IDENTITY = "iPhone Developer";
				CODE_SIGN_STYLE = Automatic;
				GCC_C_LANGUAGE_STANDARD = gnu11;
				INFOPLIST_FILE = NYHSTests/Info.plist;
				IPHONEOS_DEPLOYMENT_TARGET = 11.2;
				LD_RUNPATH_SEARCH_PATHS = "$(inherited) @executable_path/Frameworks @loader_path/Frameworks";
				PRODUCT_BUNDLE_IDENTIFIER = dorjee.thinley.com.NYHSTests;
				PRODUCT_NAME = "$(TARGET_NAME)";
				SWIFT_VERSION = 4.0;
				TARGETED_DEVICE_FAMILY = "1,2";
				TEST_HOST = "$(BUILT_PRODUCTS_DIR)/NYHS.app/NYHS";
			};
			name = Release;
		};
		B90B481F1FE82F93005C3F45 /* Debug */ = {
			isa = XCBuildConfiguration;
			buildSettings = {
				BUNDLE_LOADER = "$(TEST_HOST)";
				CLANG_CXX_LANGUAGE_STANDARD = "gnu++14";
				CLANG_WARN_UNGUARDED_AVAILABILITY = YES_AGGRESSIVE;
				CODE_SIGN_IDENTITY = "iPhone Developer";
				CODE_SIGN_STYLE = Automatic;
				GCC_C_LANGUAGE_STANDARD = gnu11;
				INFOPLIST_FILE = secondNYHSTests/Info.plist;
				IPHONEOS_DEPLOYMENT_TARGET = 11.2;
				LD_RUNPATH_SEARCH_PATHS = "$(inherited) @executable_path/Frameworks @loader_path/Frameworks";
				PRODUCT_BUNDLE_IDENTIFIER = dorjee.thinley.com.secondNYHSTests;
				PRODUCT_NAME = "$(TARGET_NAME)";
				SWIFT_VERSION = 4.0;
				TARGETED_DEVICE_FAMILY = "1,2";
				TEST_HOST = "$(BUILT_PRODUCTS_DIR)/NYHS.app/NYHS";
			};
			name = Debug;
		};
		B90B48201FE82F93005C3F45 /* Release */ = {
			isa = XCBuildConfiguration;
			buildSettings = {
				BUNDLE_LOADER = "$(TEST_HOST)";
				CLANG_CXX_LANGUAGE_STANDARD = "gnu++14";
				CLANG_WARN_UNGUARDED_AVAILABILITY = YES_AGGRESSIVE;
				CODE_SIGN_IDENTITY = "iPhone Developer";
				CODE_SIGN_STYLE = Automatic;
				GCC_C_LANGUAGE_STANDARD = gnu11;
				INFOPLIST_FILE = secondNYHSTests/Info.plist;
				IPHONEOS_DEPLOYMENT_TARGET = 11.2;
				LD_RUNPATH_SEARCH_PATHS = "$(inherited) @executable_path/Frameworks @loader_path/Frameworks";
				PRODUCT_BUNDLE_IDENTIFIER = dorjee.thinley.com.secondNYHSTests;
				PRODUCT_NAME = "$(TARGET_NAME)";
				SWIFT_VERSION = 4.0;
				TARGETED_DEVICE_FAMILY = "1,2";
				TEST_HOST = "$(BUILT_PRODUCTS_DIR)/NYHS.app/NYHS";
			};
			name = Release;
		};
		B90B482D1FE8526D005C3F45 /* Debug */ = {
			isa = XCBuildConfiguration;
			buildSettings = {
				BUNDLE_LOADER = "$(TEST_HOST)";
				CLANG_CXX_LANGUAGE_STANDARD = "gnu++14";
				CLANG_ENABLE_MODULES = YES;
				CLANG_WARN_UNGUARDED_AVAILABILITY = YES_AGGRESSIVE;
				CODE_SIGN_IDENTITY = "iPhone Developer";
				CODE_SIGN_STYLE = Automatic;
				GCC_C_LANGUAGE_STANDARD = gnu11;
				INFOPLIST_FILE = NYHSIntegrationTests/Info.plist;
				IPHONEOS_DEPLOYMENT_TARGET = 11.2;
				LD_RUNPATH_SEARCH_PATHS = "$(inherited) @executable_path/Frameworks @loader_path/Frameworks";
				PRODUCT_BUNDLE_IDENTIFIER = dorjee.thinley.com.NYHSIntegrationTests;
				PRODUCT_NAME = "$(TARGET_NAME)";
				SWIFT_OPTIMIZATION_LEVEL = "-Onone";
				SWIFT_VERSION = 4.0;
				TARGETED_DEVICE_FAMILY = "1,2";
				TEST_HOST = "$(BUILT_PRODUCTS_DIR)/NYHS.app/NYHS";
			};
			name = Debug;
		};
		B90B482E1FE8526D005C3F45 /* Release */ = {
			isa = XCBuildConfiguration;
			buildSettings = {
				BUNDLE_LOADER = "$(TEST_HOST)";
				CLANG_CXX_LANGUAGE_STANDARD = "gnu++14";
				CLANG_ENABLE_MODULES = YES;
				CLANG_WARN_UNGUARDED_AVAILABILITY = YES_AGGRESSIVE;
				CODE_SIGN_IDENTITY = "iPhone Developer";
				CODE_SIGN_STYLE = Automatic;
				GCC_C_LANGUAGE_STANDARD = gnu11;
				INFOPLIST_FILE = NYHSIntegrationTests/Info.plist;
				IPHONEOS_DEPLOYMENT_TARGET = 11.2;
				LD_RUNPATH_SEARCH_PATHS = "$(inherited) @executable_path/Frameworks @loader_path/Frameworks";
				PRODUCT_BUNDLE_IDENTIFIER = dorjee.thinley.com.NYHSIntegrationTests;
				PRODUCT_NAME = "$(TARGET_NAME)";
				SWIFT_VERSION = 4.0;
				TARGETED_DEVICE_FAMILY = "1,2";
				TEST_HOST = "$(BUILT_PRODUCTS_DIR)/NYHS.app/NYHS";
			};
			name = Release;
		};
		B9863E8C1EB97C9C00A00ABD /* Debug */ = {
			isa = XCBuildConfiguration;
			buildSettings = {
				ALWAYS_SEARCH_USER_PATHS = NO;
				CLANG_ANALYZER_NONNULL = YES;
				CLANG_ANALYZER_NUMBER_OBJECT_CONVERSION = YES_AGGRESSIVE;
				CLANG_CXX_LANGUAGE_STANDARD = "gnu++0x";
				CLANG_CXX_LIBRARY = "libc++";
				CLANG_ENABLE_MODULES = YES;
				CLANG_ENABLE_OBJC_ARC = YES;
				CLANG_WARN_BLOCK_CAPTURE_AUTORELEASING = YES;
				CLANG_WARN_BOOL_CONVERSION = YES;
				CLANG_WARN_COMMA = YES;
				CLANG_WARN_CONSTANT_CONVERSION = YES;
				CLANG_WARN_DIRECT_OBJC_ISA_USAGE = YES_ERROR;
				CLANG_WARN_DOCUMENTATION_COMMENTS = YES;
				CLANG_WARN_EMPTY_BODY = YES;
				CLANG_WARN_ENUM_CONVERSION = YES;
				CLANG_WARN_INFINITE_RECURSION = YES;
				CLANG_WARN_INT_CONVERSION = YES;
				CLANG_WARN_NON_LITERAL_NULL_CONVERSION = YES;
				CLANG_WARN_OBJC_LITERAL_CONVERSION = YES;
				CLANG_WARN_OBJC_ROOT_CLASS = YES_ERROR;
				CLANG_WARN_RANGE_LOOP_ANALYSIS = YES;
				CLANG_WARN_STRICT_PROTOTYPES = YES;
				CLANG_WARN_SUSPICIOUS_MOVE = YES;
				CLANG_WARN_UNREACHABLE_CODE = YES;
				CLANG_WARN__DUPLICATE_METHOD_MATCH = YES;
				"CODE_SIGN_IDENTITY[sdk=iphoneos*]" = "iPhone Developer";
				COPY_PHASE_STRIP = NO;
				DEBUG_INFORMATION_FORMAT = dwarf;
				ENABLE_STRICT_OBJC_MSGSEND = YES;
				ENABLE_TESTABILITY = YES;
				GCC_C_LANGUAGE_STANDARD = gnu99;
				GCC_DYNAMIC_NO_PIC = NO;
				GCC_NO_COMMON_BLOCKS = YES;
				GCC_OPTIMIZATION_LEVEL = 0;
				GCC_PREPROCESSOR_DEFINITIONS = (
					"DEBUG=1",
					"$(inherited)",
				);
				GCC_WARN_64_TO_32_BIT_CONVERSION = YES;
				GCC_WARN_ABOUT_RETURN_TYPE = YES_ERROR;
				GCC_WARN_UNDECLARED_SELECTOR = YES;
				GCC_WARN_UNINITIALIZED_AUTOS = YES_AGGRESSIVE;
				GCC_WARN_UNUSED_FUNCTION = YES;
				GCC_WARN_UNUSED_VARIABLE = YES;
				IPHONEOS_DEPLOYMENT_TARGET = 10.3;
				MTL_ENABLE_DEBUG_INFO = YES;
				ONLY_ACTIVE_ARCH = YES;
				SDKROOT = iphoneos;
				SWIFT_ACTIVE_COMPILATION_CONDITIONS = DEBUG;
				SWIFT_OPTIMIZATION_LEVEL = "-Onone";
				TARGETED_DEVICE_FAMILY = "1,2";
			};
			name = Debug;
		};
		B9863E8D1EB97C9C00A00ABD /* Release */ = {
			isa = XCBuildConfiguration;
			buildSettings = {
				ALWAYS_SEARCH_USER_PATHS = NO;
				CLANG_ANALYZER_NONNULL = YES;
				CLANG_ANALYZER_NUMBER_OBJECT_CONVERSION = YES_AGGRESSIVE;
				CLANG_CXX_LANGUAGE_STANDARD = "gnu++0x";
				CLANG_CXX_LIBRARY = "libc++";
				CLANG_ENABLE_MODULES = YES;
				CLANG_ENABLE_OBJC_ARC = YES;
				CLANG_WARN_BLOCK_CAPTURE_AUTORELEASING = YES;
				CLANG_WARN_BOOL_CONVERSION = YES;
				CLANG_WARN_COMMA = YES;
				CLANG_WARN_CONSTANT_CONVERSION = YES;
				CLANG_WARN_DIRECT_OBJC_ISA_USAGE = YES_ERROR;
				CLANG_WARN_DOCUMENTATION_COMMENTS = YES;
				CLANG_WARN_EMPTY_BODY = YES;
				CLANG_WARN_ENUM_CONVERSION = YES;
				CLANG_WARN_INFINITE_RECURSION = YES;
				CLANG_WARN_INT_CONVERSION = YES;
				CLANG_WARN_NON_LITERAL_NULL_CONVERSION = YES;
				CLANG_WARN_OBJC_LITERAL_CONVERSION = YES;
				CLANG_WARN_OBJC_ROOT_CLASS = YES_ERROR;
				CLANG_WARN_RANGE_LOOP_ANALYSIS = YES;
				CLANG_WARN_STRICT_PROTOTYPES = YES;
				CLANG_WARN_SUSPICIOUS_MOVE = YES;
				CLANG_WARN_UNREACHABLE_CODE = YES;
				CLANG_WARN__DUPLICATE_METHOD_MATCH = YES;
				"CODE_SIGN_IDENTITY[sdk=iphoneos*]" = "iPhone Developer";
				COPY_PHASE_STRIP = NO;
				DEBUG_INFORMATION_FORMAT = "dwarf-with-dsym";
				ENABLE_NS_ASSERTIONS = NO;
				ENABLE_STRICT_OBJC_MSGSEND = YES;
				GCC_C_LANGUAGE_STANDARD = gnu99;
				GCC_NO_COMMON_BLOCKS = YES;
				GCC_WARN_64_TO_32_BIT_CONVERSION = YES;
				GCC_WARN_ABOUT_RETURN_TYPE = YES_ERROR;
				GCC_WARN_UNDECLARED_SELECTOR = YES;
				GCC_WARN_UNINITIALIZED_AUTOS = YES_AGGRESSIVE;
				GCC_WARN_UNUSED_FUNCTION = YES;
				GCC_WARN_UNUSED_VARIABLE = YES;
				IPHONEOS_DEPLOYMENT_TARGET = 10.3;
				MTL_ENABLE_DEBUG_INFO = NO;
				SDKROOT = iphoneos;
				SWIFT_OPTIMIZATION_LEVEL = "-Owholemodule";
				TARGETED_DEVICE_FAMILY = "1,2";
				VALIDATE_PRODUCT = YES;
			};
			name = Release;
		};
		B9863E8F1EB97C9C00A00ABD /* Debug */ = {
			isa = XCBuildConfiguration;
			baseConfigurationReference = 941D5E46DF9B06DA95ED8200 /* Pods-NYHS.debug.xcconfig */;
			buildSettings = {
				ALWAYS_EMBED_SWIFT_STANDARD_LIBRARIES = YES;
				ASSETCATALOG_COMPILER_LAUNCHIMAGE_NAME = LaunchImage;
				DEVELOPMENT_TEAM = GFV556FHMF;
				ENABLE_BITCODE = YES;
				INFOPLIST_FILE = NYHS/Info.plist;
				IPHONEOS_DEPLOYMENT_TARGET = 10.3;
				LD_RUNPATH_SEARCH_PATHS = "$(inherited) @executable_path/Frameworks";
				PRODUCT_BUNDLE_IDENTIFIER = nyc.c4q.thinley.NYHS;
				PRODUCT_NAME = "$(TARGET_NAME)";
				SWIFT_SWIFT3_OBJC_INFERENCE = On;
				SWIFT_VERSION = 4.0;
				TARGETED_DEVICE_FAMILY = 1;
			};
			name = Debug;
		};
		B9863E901EB97C9C00A00ABD /* Release */ = {
			isa = XCBuildConfiguration;
			baseConfigurationReference = FF4E15C7B492ACD9350A77E0 /* Pods-NYHS.release.xcconfig */;
			buildSettings = {
				ALWAYS_EMBED_SWIFT_STANDARD_LIBRARIES = YES;
				ASSETCATALOG_COMPILER_LAUNCHIMAGE_NAME = LaunchImage;
				DEVELOPMENT_TEAM = GFV556FHMF;
				ENABLE_BITCODE = YES;
				INFOPLIST_FILE = NYHS/Info.plist;
				IPHONEOS_DEPLOYMENT_TARGET = 10.3;
				LD_RUNPATH_SEARCH_PATHS = "$(inherited) @executable_path/Frameworks";
				PRODUCT_BUNDLE_IDENTIFIER = nyc.c4q.thinley.NYHS;
				PRODUCT_NAME = "$(TARGET_NAME)";
				SWIFT_SWIFT3_OBJC_INFERENCE = On;
				SWIFT_VERSION = 4.0;
				TARGETED_DEVICE_FAMILY = 1;
			};
			name = Release;
		};
/* End XCBuildConfiguration section */

/* Begin XCConfigurationList section */
		B90B480D1FE81FEA005C3F45 /* Build configuration list for PBXNativeTarget "NYHSTests" */ = {
			isa = XCConfigurationList;
			buildConfigurations = (
				B90B480B1FE81FEA005C3F45 /* Debug */,
				B90B480C1FE81FEA005C3F45 /* Release */,
			);
			defaultConfigurationIsVisible = 0;
			defaultConfigurationName = Release;
		};
		B90B481E1FE82F93005C3F45 /* Build configuration list for PBXNativeTarget "secondNYHSTests" */ = {
			isa = XCConfigurationList;
			buildConfigurations = (
				B90B481F1FE82F93005C3F45 /* Debug */,
				B90B48201FE82F93005C3F45 /* Release */,
			);
			defaultConfigurationIsVisible = 0;
			defaultConfigurationName = Release;
		};
		B90B482C1FE8526D005C3F45 /* Build configuration list for PBXNativeTarget "NYHSIntegrationTests" */ = {
			isa = XCConfigurationList;
			buildConfigurations = (
				B90B482D1FE8526D005C3F45 /* Debug */,
				B90B482E1FE8526D005C3F45 /* Release */,
			);
			defaultConfigurationIsVisible = 0;
			defaultConfigurationName = Release;
		};
		B9863E771EB97C9C00A00ABD /* Build configuration list for PBXProject "NYHS" */ = {
			isa = XCConfigurationList;
			buildConfigurations = (
				B9863E8C1EB97C9C00A00ABD /* Debug */,
				B9863E8D1EB97C9C00A00ABD /* Release */,
			);
			defaultConfigurationIsVisible = 0;
			defaultConfigurationName = Release;
		};
		B9863E8E1EB97C9C00A00ABD /* Build configuration list for PBXNativeTarget "NYHS" */ = {
			isa = XCConfigurationList;
			buildConfigurations = (
				B9863E8F1EB97C9C00A00ABD /* Debug */,
				B9863E901EB97C9C00A00ABD /* Release */,
			);
			defaultConfigurationIsVisible = 0;
			defaultConfigurationName = Release;
		};
/* End XCConfigurationList section */
	};
	rootObject = B9863E741EB97C9C00A00ABD /* Project object */;
}
